
Microsoft Visual Studio Solution File, Format Version 12.00
# Visual Studio 15
Project("{FAE04EC0-301F-11D3-BF4B-00C04F79EFBC}") = "VRC.ClientSim", "VRC.ClientSim.csproj", "{37897384-BCC5-AE4A-C758-6AC776A8BD31}"
EndProject
Project("{FAE04EC0-301F-11D3-BF4B-00C04F79EFBC}") = "VRC.Udon.Serialization.OdinSerializer", "VRC.Udon.Serialization.OdinSerializer.csproj", "{353124CB-FFCB-7BBE-6996-65763A1F133C}"
EndProject
Project("{FAE04EC0-301F-11D3-BF4B-00C04F79EFBC}") = "UdonSharp.Editor", "UdonSharp.Editor.csproj", "{C0BC4EB0-9FC5-B2A1-A4B5-CEEB72F8E864}"
EndProject
Project("{FAE04EC0-301F-11D3-BF4B-00C04F79EFBC}") = "VRC.Udon.Editor", "VRC.Udon.Editor.csproj", "{53DFF3E0-BE4D-DE7E-1DEA-A1A8478F8C03}"
EndProject
Project("{FAE04EC0-301F-11D3-BF4B-00C04F79EFBC}") = "VRC.SDKBase.Editor", "VRC.SDKBase.Editor.csproj", "{910DFEBF-832C-9477-7D9B-7404B2D447A9}"
EndProject
Project("{FAE04EC0-301F-11D3-BF4B-00C04F79EFBC}") = "VRC.Udon", "VRC.Udon.csproj", "{FAE31BD2-E586-91A7-FEFE-821539EA1207}"
EndProject
Project("{FAE04EC0-301F-11D3-BF4B-00C04F79EFBC}") = "UniTask", "UniTask.csproj", "{A918BC34-4FBD-C8F9-14A3-5446AFD389DA}"
EndProject
Project("{FAE04EC0-301F-11D3-BF4B-00C04F79EFBC}") = "UniTask.Linq", "UniTask.Linq.csproj", "{C5557AA3-BC36-DCD5-D20F-83C2590302CE}"
EndProject
Project("{FAE04EC0-301F-11D3-BF4B-00C04F79EFBC}") = "VRC.SDKBase", "VRC.SDKBase.csproj", "{CD350CF9-2B99-A056-5258-1B719023B16F}"
EndProject
Project("{FAE04EC0-301F-11D3-BF4B-00C04F79EFBC}") = "VRC.ClientSim.Editor", "VRC.ClientSim.Editor.csproj", "{0F427FF8-FE55-D534-CF88-9A6A74A9CC33}"
EndProject
Project("{FAE04EC0-301F-11D3-BF4B-00C04F79EFBC}") = "VRC.SDK3", "VRC.SDK3.csproj", "{69E06D7B-F6E7-B8E5-7AC4-5D6A40048C69}"
EndProject
Project("{FAE04EC0-301F-11D3-BF4B-00C04F79EFBC}") = "VRC.SDK3.Editor", "VRC.SDK3.Editor.csproj", "{A63B59E3-D5F9-CCE8-4F0F-471CE9AB71F8}"
EndProject
Project("{FAE04EC0-301F-11D3-BF4B-00C04F79EFBC}") = "UniTask.DOTween", "UniTask.DOTween.csproj", "{CFCEFDC2-ADB4-27E5-968D-0A41CFDEADC1}"
EndProject
Project("{FAE04EC0-301F-11D3-BF4B-00C04F79EFBC}") = "UnityEditorTests", "UnityEditorTests.csproj", "{1B8E998B-198B-C193-B35C-8B88AE2886D9}"
EndProject
Project("{FAE04EC0-301F-11D3-BF4B-00C04F79EFBC}") = "VRC.ExampleCentral.Editor", "VRC.ExampleCentral.Editor.csproj", "{6A6F8FCC-90E6-8FA9-6034-EDE01241F798}"
EndProject
Project("{FAE04EC0-301F-11D3-BF4B-00C04F79EFBC}") = "Assembly-CSharp", "Assembly-CSharp.csproj", "{91060FEA-ADAE-7139-D335-1375E014A33E}"
EndProject
Project("{FAE04EC0-301F-11D3-BF4B-00C04F79EFBC}") = "com.vrchat.core.vpm-resolver.Editor", "com.vrchat.core.vpm-resolver.Editor.csproj", "{45F30E6A-C8CC-1BF5-6CB2-8F33D44E2931}"
EndProject
Project("{FAE04EC0-301F-11D3-BF4B-00C04F79EFBC}") = "VRC.SDKBase.Editor.ShaderStripping", "VRC.SDKBase.Editor.ShaderStripping.csproj", "{4B535C73-A256-574C-D4D5-E8549896E4B1}"
EndProject
Project("{FAE04EC0-301F-11D3-BF4B-00C04F79EFBC}") = "UdonSharp.Runtime", "UdonSharp.Runtime.csproj", "{0308837E-7D63-6722-5E7A-2C04A232C322}"
EndProject
Project("{FAE04EC0-301F-11D3-BF4B-00C04F79EFBC}") = "Assembly-CSharp-Editor", "Assembly-CSharp-Editor.csproj", "{E1E48DDC-AE9D-F6A4-9F5A-FC5F2521C6B6}"
EndProject
Project("{FAE04EC0-301F-11D3-BF4B-00C04F79EFBC}") = "UniTask.Editor", "UniTask.Editor.csproj", "{F01643BC-E7A4-D1C7-033B-5B052A88CF78}"
EndProject
Project("{FAE04EC0-301F-11D3-BF4B-00C04F79EFBC}") = "UdonSharp.Lib", "UdonSharp.Lib.csproj", "{D5B618A7-975C-4769-3458-18CAA4806BD6}"
EndProject
Project("{FAE04EC0-301F-11D3-BF4B-00C04F79EFBC}") = "VRC.SDKBase.Editor.BuildPipeline", "VRC.SDKBase.Editor.BuildPipeline.csproj", "{02F2FCC4-0088-ECD6-FF96-E7C6A584CF4B}"
EndProject
Project("{FAE04EC0-301F-11D3-BF4B-00C04F79EFBC}") = "UniTask.Addressables", "UniTask.Addressables.csproj", "{D68BC0D2-EDE3-93EC-433E-3EA913919A0A}"
EndProject
Project("{FAE04EC0-301F-11D3-BF4B-00C04F79EFBC}") = "UniTask.TextMeshPro", "UniTask.TextMeshPro.csproj", "{41E30EA7-DA61-0D8A-5781-F7EF996349DB}"
EndProject
Global
	GlobalSection(SolutionConfigurationPlatforms) = preSolution
		Debug|Any CPU = Debug|Any CPU
		Release|Any CPU = Release|Any CPU
	EndGlobalSection
	GlobalSection(ProjectConfigurationPlatforms) = postSolution
		{37897384-BCC5-AE4A-C758-6AC776A8BD31}.Debug|Any CPU.ActiveCfg = Debug|Any CPU
		{37897384-BCC5-AE4A-C758-6AC776A8BD31}.Debug|Any CPU.Build.0 = Debug|Any CPU
		{37897384-BCC5-AE4A-C758-6AC776A8BD31}.Release|Any CPU.ActiveCfg = Release|Any CPU
		{37897384-BCC5-AE4A-C758-6AC776A8BD31}.Release|Any CPU.Build.0 = Release|Any CPU
		{353124CB-FFCB-7BBE-6996-65763A1F133C}.Debug|Any CPU.ActiveCfg = Debug|Any CPU
		{353124CB-FFCB-7BBE-6996-65763A1F133C}.Debug|Any CPU.Build.0 = Debug|Any CPU
		{353124CB-FFCB-7BBE-6996-65763A1F133C}.Release|Any CPU.ActiveCfg = Release|Any CPU
		{353124CB-FFCB-7BBE-6996-65763A1F133C}.Release|Any CPU.Build.0 = Release|Any CPU
		{C0BC4EB0-9FC5-B2A1-A4B5-CEEB72F8E864}.Debug|Any CPU.ActiveCfg = Debug|Any CPU
		{C0BC4EB0-9FC5-B2A1-A4B5-CEEB72F8E864}.Debug|Any CPU.Build.0 = Debug|Any CPU
		{C0BC4EB0-9FC5-B2A1-A4B5-CEEB72F8E864}.Release|Any CPU.ActiveCfg = Release|Any CPU
		{C0BC4EB0-9FC5-B2A1-A4B5-CEEB72F8E864}.Release|Any CPU.Build.0 = Release|Any CPU
		{53DFF3E0-BE4D-DE7E-1DEA-A1A8478F8C03}.Debug|Any CPU.ActiveCfg = Debug|Any CPU
		{53DFF3E0-BE4D-DE7E-1DEA-A1A8478F8C03}.Debug|Any CPU.Build.0 = Debug|Any CPU
		{53DFF3E0-BE4D-DE7E-1DEA-A1A8478F8C03}.Release|Any CPU.ActiveCfg = Release|Any CPU
		{53DFF3E0-BE4D-DE7E-1DEA-A1A8478F8C03}.Release|Any CPU.Build.0 = Release|Any CPU
		{910DFEBF-832C-9477-7D9B-7404B2D447A9}.Debug|Any CPU.ActiveCfg = Debug|Any CPU
		{910DFEBF-832C-9477-7D9B-7404B2D447A9}.Debug|Any CPU.Build.0 = Debug|Any CPU
		{910DFEBF-832C-9477-7D9B-7404B2D447A9}.Release|Any CPU.ActiveCfg = Release|Any CPU
		{910DFEBF-832C-9477-7D9B-7404B2D447A9}.Release|Any CPU.Build.0 = Release|Any CPU
		{FAE31BD2-E586-91A7-FEFE-821539EA1207}.Debug|Any CPU.ActiveCfg = Debug|Any CPU
		{FAE31BD2-E586-91A7-FEFE-821539EA1207}.Debug|Any CPU.Build.0 = Debug|Any CPU
		{FAE31BD2-E586-91A7-FEFE-821539EA1207}.Release|Any CPU.ActiveCfg = Release|Any CPU
		{FAE31BD2-E586-91A7-FEFE-821539EA1207}.Release|Any CPU.Build.0 = Release|Any CPU
		{A918BC34-4FBD-C8F9-14A3-5446AFD389DA}.Debug|Any CPU.ActiveCfg = Debug|Any CPU
		{A918BC34-4FBD-C8F9-14A3-5446AFD389DA}.Debug|Any CPU.Build.0 = Debug|Any CPU
		{A918BC34-4FBD-C8F9-14A3-5446AFD389DA}.Release|Any CPU.ActiveCfg = Release|Any CPU
		{A918BC34-4FBD-C8F9-14A3-5446AFD389DA}.Release|Any CPU.Build.0 = Release|Any CPU
		{C5557AA3-BC36-DCD5-D20F-83C2590302CE}.Debug|Any CPU.ActiveCfg = Debug|Any CPU
		{C5557AA3-BC36-DCD5-D20F-83C2590302CE}.Debug|Any CPU.Build.0 = Debug|Any CPU
		{C5557AA3-BC36-DCD5-D20F-83C2590302CE}.Release|Any CPU.ActiveCfg = Release|Any CPU
		{C5557AA3-BC36-DCD5-D20F-83C2590302CE}.Release|Any CPU.Build.0 = Release|Any CPU
		{CD350CF9-2B99-A056-5258-1B719023B16F}.Debug|Any CPU.ActiveCfg = Debug|Any CPU
		{CD350CF9-2B99-A056-5258-1B719023B16F}.Debug|Any CPU.Build.0 = Debug|Any CPU
		{CD350CF9-2B99-A056-5258-1B719023B16F}.Release|Any CPU.ActiveCfg = Release|Any CPU
		{CD350CF9-2B99-A056-5258-1B719023B16F}.Release|Any CPU.Build.0 = Release|Any CPU
		{0F427FF8-FE55-D534-CF88-9A6A74A9CC33}.Debug|Any CPU.ActiveCfg = Debug|Any CPU
		{0F427FF8-FE55-D534-CF88-9A6A74A9CC33}.Debug|Any CPU.Build.0 = Debug|Any CPU
		{0F427FF8-FE55-D534-CF88-9A6A74A9CC33}.Release|Any CPU.ActiveCfg = Release|Any CPU
		{0F427FF8-FE55-D534-CF88-9A6A74A9CC33}.Release|Any CPU.Build.0 = Release|Any CPU
		{69E06D7B-F6E7-B8E5-7AC4-5D6A40048C69}.Debug|Any CPU.ActiveCfg = Debug|Any CPU
		{69E06D7B-F6E7-B8E5-7AC4-5D6A40048C69}.Debug|Any CPU.Build.0 = Debug|Any CPU
		{69E06D7B-F6E7-B8E5-7AC4-5D6A40048C69}.Release|Any CPU.ActiveCfg = Release|Any CPU
		{69E06D7B-F6E7-B8E5-7AC4-5D6A40048C69}.Release|Any CPU.Build.0 = Release|Any CPU
		{A63B59E3-D5F9-CCE8-4F0F-471CE9AB71F8}.Debug|Any CPU.ActiveCfg = Debug|Any CPU
		{A63B59E3-D5F9-CCE8-4F0F-471CE9AB71F8}.Debug|Any CPU.Build.0 = Debug|Any CPU
		{A63B59E3-D5F9-CCE8-4F0F-471CE9AB71F8}.Release|Any CPU.ActiveCfg = Release|Any CPU
		{A63B59E3-D5F9-CCE8-4F0F-471CE9AB71F8}.Release|Any CPU.Build.0 = Release|Any CPU
		{CFCEFDC2-ADB4-27E5-968D-0A41CFDEADC1}.Debug|Any CPU.ActiveCfg = Debug|Any CPU
		{CFCEFDC2-ADB4-27E5-968D-0A41CFDEADC1}.Debug|Any CPU.Build.0 = Debug|Any CPU
		{CFCEFDC2-ADB4-27E5-968D-0A41CFDEADC1}.Release|Any CPU.ActiveCfg = Release|Any CPU
		{CFCEFDC2-ADB4-27E5-968D-0A41CFDEADC1}.Release|Any CPU.Build.0 = Release|Any CPU
		{1B8E998B-198B-C193-B35C-8B88AE2886D9}.Debug|Any CPU.ActiveCfg = Debug|Any CPU
		{1B8E998B-198B-C193-B35C-8B88AE2886D9}.Debug|Any CPU.Build.0 = Debug|Any CPU
		{1B8E998B-198B-C193-B35C-8B88AE2886D9}.Release|Any CPU.ActiveCfg = Release|Any CPU
		{1B8E998B-198B-C193-B35C-8B88AE2886D9}.Release|Any CPU.Build.0 = Release|Any CPU
		{6A6F8FCC-90E6-8FA9-6034-EDE01241F798}.Debug|Any CPU.ActiveCfg = Debug|Any CPU
		{6A6F8FCC-90E6-8FA9-6034-EDE01241F798}.Debug|Any CPU.Build.0 = Debug|Any CPU
		{6A6F8FCC-90E6-8FA9-6034-EDE01241F798}.Release|Any CPU.ActiveCfg = Release|Any CPU
		{6A6F8FCC-90E6-8FA9-6034-EDE01241F798}.Release|Any CPU.Build.0 = Release|Any CPU
		{91060FEA-ADAE-7139-D335-1375E014A33E}.Debug|Any CPU.ActiveCfg = Debug|Any CPU
		{91060FEA-ADAE-7139-D335-1375E014A33E}.Debug|Any CPU.Build.0 = Debug|Any CPU
		{91060FEA-ADAE-7139-D335-1375E014A33E}.Release|Any CPU.ActiveCfg = Release|Any CPU
		{91060FEA-ADAE-7139-D335-1375E014A33E}.Release|Any CPU.Build.0 = Release|Any CPU
		{45F30E6A-C8CC-1BF5-6CB2-8F33D44E2931}.Debug|Any CPU.ActiveCfg = Debug|Any CPU
		{45F30E6A-C8CC-1BF5-6CB2-8F33D44E2931}.Debug|Any CPU.Build.0 = Debug|Any CPU
		{45F30E6A-C8CC-1BF5-6CB2-8F33D44E2931}.Release|Any CPU.ActiveCfg = Release|Any CPU
		{45F30E6A-C8CC-1BF5-6CB2-8F33D44E2931}.Release|Any CPU.Build.0 = Release|Any CPU
		{4B535C73-A256-574C-D4D5-E8549896E4B1}.Debug|Any CPU.ActiveCfg = Debug|Any CPU
		{4B535C73-A256-574C-D4D5-E8549896E4B1}.Debug|Any CPU.Build.0 = Debug|Any CPU
		{4B535C73-A256-574C-D4D5-E8549896E4B1}.Release|Any CPU.ActiveCfg = Release|Any CPU
		{4B535C73-A256-574C-D4D5-E8549896E4B1}.Release|Any CPU.Build.0 = Release|Any CPU
		{0308837E-7D63-6722-5E7A-2C04A232C322}.Debug|Any CPU.ActiveCfg = Debug|Any CPU
		{0308837E-7D63-6722-5E7A-2C04A232C322}.Debug|Any CPU.Build.0 = Debug|Any CPU
		{0308837E-7D63-6722-5E7A-2C04A232C322}.Release|Any CPU.ActiveCfg = Release|Any CPU
		{0308837E-7D63-6722-5E7A-2C04A232C322}.Release|Any CPU.Build.0 = Release|Any CPU
		{E1E48DDC-AE9D-F6A4-9F5A-FC5F2521C6B6}.Debug|Any CPU.ActiveCfg = Debug|Any CPU
		{E1E48DDC-AE9D-F6A4-9F5A-FC5F2521C6B6}.Debug|Any CPU.Build.0 = Debug|Any CPU
		{E1E48DDC-AE9D-F6A4-9F5A-FC5F2521C6B6}.Release|Any CPU.ActiveCfg = Release|Any CPU
		{E1E48DDC-AE9D-F6A4-9F5A-FC5F2521C6B6}.Release|Any CPU.Build.0 = Release|Any CPU
		{F01643BC-E7A4-D1C7-033B-5B052A88CF78}.Debug|Any CPU.ActiveCfg = Debug|Any CPU
		{F01643BC-E7A4-D1C7-033B-5B052A88CF78}.Debug|Any CPU.Build.0 = Debug|Any CPU
		{F01643BC-E7A4-D1C7-033B-5B052A88CF78}.Release|Any CPU.ActiveCfg = Release|Any CPU
		{F01643BC-E7A4-D1C7-033B-5B052A88CF78}.Release|Any CPU.Build.0 = Release|Any CPU
		{D5B618A7-975C-4769-3458-18CAA4806BD6}.Debug|Any CPU.ActiveCfg = Debug|Any CPU
		{D5B618A7-975C-4769-3458-18CAA4806BD6}.Debug|Any CPU.Build.0 = Debug|Any CPU
		{D5B618A7-975C-4769-3458-18CAA4806BD6}.Release|Any CPU.ActiveCfg = Release|Any CPU
		{D5B618A7-975C-4769-3458-18CAA4806BD6}.Release|Any CPU.Build.0 = Release|Any CPU
		{02F2FCC4-0088-ECD6-FF96-E7C6A584CF4B}.Debug|Any CPU.ActiveCfg = Debug|Any CPU
		{02F2FCC4-0088-ECD6-FF96-E7C6A584CF4B}.Debug|Any CPU.Build.0 = Debug|Any CPU
		{02F2FCC4-0088-ECD6-FF96-E7C6A584CF4B}.Release|Any CPU.ActiveCfg = Release|Any CPU
		{02F2FCC4-0088-ECD6-FF96-E7C6A584CF4B}.Release|Any CPU.Build.0 = Release|Any CPU
		{D68BC0D2-EDE3-93EC-433E-3EA913919A0A}.Debug|Any CPU.ActiveCfg = Debug|Any CPU
		{D68BC0D2-EDE3-93EC-433E-3EA913919A0A}.Debug|Any CPU.Build.0 = Debug|Any CPU
		{D68BC0D2-EDE3-93EC-433E-3EA913919A0A}.Release|Any CPU.ActiveCfg = Release|Any CPU
		{D68BC0D2-EDE3-93EC-433E-3EA913919A0A}.Release|Any CPU.Build.0 = Release|Any CPU
		{41E30EA7-DA61-0D8A-5781-F7EF996349DB}.Debug|Any CPU.ActiveCfg = Debug|Any CPU
		{41E30EA7-DA61-0D8A-5781-F7EF996349DB}.Debug|Any CPU.Build.0 = Debug|Any CPU
		{41E30EA7-DA61-0D8A-5781-F7EF996349DB}.Release|Any CPU.ActiveCfg = Release|Any CPU
		{41E30EA7-DA61-0D8A-5781-F7EF996349DB}.Release|Any CPU.Build.0 = Release|Any CPU
	EndGlobalSection
	GlobalSection(SolutionProperties) = preSolution
		HideSolutionNode = FALSE
	EndGlobalSection
EndGlobal
